
Microsoft Visual Studio Solution File, Format Version 12.00
# Visual Studio Version 16
VisualStudioVersion = 16.0.29411.108
MinimumVisualStudioVersion = 10.0.40219.1
Project("{9A19103F-16F7-4668-BE54-9A1E7A4F7556}") = "DemoProject", "DemoProject\DemoProject.csproj", "{F825FB18-8733-469E-ADF6-9051B075B5F6}"
EndProject
Global
	GlobalSection(SolutionConfigurationPlatforms) = preSolution
		Debug|Any CPU = Debug|Any CPU
		Release|Any CPU = Release|Any CPU
	EndGlobalSection
	GlobalSection(ProjectConfigurationPlatforms) = postSolution
		{F825FB18-8733-469E-ADF6-9051B075B5F6}.Debug|Any CPU.ActiveCfg = Debug|Any CPU
		{F825FB18-8733-469E-ADF6-9051B075B5F6}.Debug|Any CPU.Build.0 = Debug|Any CPU
		{F825FB18-8733-469E-ADF6-9051B075B5F6}.Release|Any CPU.ActiveCfg = Release|Any CPU
		{F825FB18-8733-469E-ADF6-9051B075B5F6}.Release|Any CPU.Build.0 = Release|Any CPU
	EndGlobalSection
	GlobalSection(SolutionProperties) = preSolution
		HideSolutionNode = FALSE
	EndGlobalSection
	GlobalSection(ExtensibilityGlobals) = postSolution
		SolutionGuid = {3A1F9EA3-3AF9-4339-98F3-E781C67C6145}
	EndGlobalSection
EndGlobal
